// !$*UTF8*$!
{
	archiveVersion = 1;
	classes = {
	};
	objectVersion = 55;
	objects = {

/* Begin PBXBuildFile section */
		F40CED4C2823000700B93879 /* AuthViewModel.swift in Sources */ = {isa = PBXBuildFile; fileRef = F40CED4B2823000700B93879 /* AuthViewModel.swift */; };
		F40CED4E282300C600B93879 /* Result.swift in Sources */ = {isa = PBXBuildFile; fileRef = F40CED4D282300C600B93879 /* Result.swift */; };
		F4159167281886E8000AFFBA /* MyObservable.swift in Sources */ = {isa = PBXBuildFile; fileRef = F4159166281886E8000AFFBA /* MyObservable.swift */; };
		F430EB94282A9F9A00EAD332 /* Coordinator.swift in Sources */ = {isa = PBXBuildFile; fileRef = F430EB93282A9F9A00EAD332 /* Coordinator.swift */; };
		F430EB96282AA07D00EAD332 /* AppCoordinator.swift in Sources */ = {isa = PBXBuildFile; fileRef = F430EB95282AA07D00EAD332 /* AppCoordinator.swift */; };
		F430EB98282AA87F00EAD332 /* AppService.swift in Sources */ = {isa = PBXBuildFile; fileRef = F430EB97282AA87F00EAD332 /* AppService.swift */; };
		F44121BA2815A1720017E1F5 /* AppDelegate.swift in Sources */ = {isa = PBXBuildFile; fileRef = F44121B92815A1720017E1F5 /* AppDelegate.swift */; };
		F44121BC2815A1720017E1F5 /* SceneDelegate.swift in Sources */ = {isa = PBXBuildFile; fileRef = F44121BB2815A1720017E1F5 /* SceneDelegate.swift */; };
		F44121BE2815A1730017E1F5 /* MapViewController.swift in Sources */ = {isa = PBXBuildFile; fileRef = F44121BD2815A1720017E1F5 /* MapViewController.swift */; };
		F44121C12815A1730017E1F5 /* Main.storyboard in Resources */ = {isa = PBXBuildFile; fileRef = F44121BF2815A1730017E1F5 /* Main.storyboard */; };
		F44121C32815A1750017E1F5 /* Assets.xcassets in Resources */ = {isa = PBXBuildFile; fileRef = F44121C22815A1750017E1F5 /* Assets.xcassets */; };
		F44121C62815A1750017E1F5 /* LaunchScreen.storyboard in Resources */ = {isa = PBXBuildFile; fileRef = F44121C42815A1750017E1F5 /* LaunchScreen.storyboard */; };
		F44121CF2815B4D60017E1F5 /* GoogleMaps in Frameworks */ = {isa = PBXBuildFile; productRef = F44121CE2815B4D60017E1F5 /* GoogleMaps */; };
		F44121D12815B4D60017E1F5 /* GoogleMapsBase in Frameworks */ = {isa = PBXBuildFile; productRef = F44121D02815B4D60017E1F5 /* GoogleMapsBase */; };
		F44121D32815B4D60017E1F5 /* GoogleMapsCore in Frameworks */ = {isa = PBXBuildFile; productRef = F44121D22815B4D60017E1F5 /* GoogleMapsCore */; };
		F44121D52815B4D60017E1F5 /* GoogleMapsM4B in Frameworks */ = {isa = PBXBuildFile; productRef = F44121D42815B4D60017E1F5 /* GoogleMapsM4B */; };
		F44121D72815B4D60017E1F5 /* GooglePlaces in Frameworks */ = {isa = PBXBuildFile; productRef = F44121D62815B4D60017E1F5 /* GooglePlaces */; };
		F44121DA2815B6120017E1F5 /* PinLayout in Frameworks */ = {isa = PBXBuildFile; productRef = F44121D92815B6120017E1F5 /* PinLayout */; };
		F44121E52815B9700017E1F5 /* Reusable.swift in Sources */ = {isa = PBXBuildFile; fileRef = F44121E42815B9700017E1F5 /* Reusable.swift */; };
		F465FC1A28213522000EEFD3 /* CLLocationCoordinate2D+Ext.swift in Sources */ = {isa = PBXBuildFile; fileRef = F465FC1928213522000EEFD3 /* CLLocationCoordinate2D+Ext.swift */; };
		F465FC1D282138EE000EEFD3 /* Realm in Frameworks */ = {isa = PBXBuildFile; productRef = F465FC1C282138EE000EEFD3 /* Realm */; };
		F465FC1F282138EE000EEFD3 /* RealmSwift in Frameworks */ = {isa = PBXBuildFile; productRef = F465FC1E282138EE000EEFD3 /* RealmSwift */; };
		F465FC2128213976000EEFD3 /* RealmService.swift in Sources */ = {isa = PBXBuildFile; fileRef = F465FC2028213976000EEFD3 /* RealmService.swift */; };
		F465FC2528213D7A000EEFD3 /* RealmPath.swift in Sources */ = {isa = PBXBuildFile; fileRef = F465FC2428213D7A000EEFD3 /* RealmPath.swift */; };
		F465FC2728215F62000EEFD3 /* Date+Ext.swift in Sources */ = {isa = PBXBuildFile; fileRef = F465FC2628215F62000EEFD3 /* Date+Ext.swift */; };
		F465FC2928216B13000EEFD3 /* DetachableObject.swift in Sources */ = {isa = PBXBuildFile; fileRef = F465FC2828216B13000EEFD3 /* DetachableObject.swift */; };
		F465FC2D2821BB3B000EEFD3 /* GoogleService-Info.plist in Resources */ = {isa = PBXBuildFile; fileRef = F465FC2C2821BB3B000EEFD3 /* GoogleService-Info.plist */; };
		F474D0BD283EA8B1002EA39D /* RxCocoa in Frameworks */ = {isa = PBXBuildFile; productRef = F474D0BC283EA8B1002EA39D /* RxCocoa */; };
		F474D0BF283EA8B1002EA39D /* RxSwift in Frameworks */ = {isa = PBXBuildFile; productRef = F474D0BE283EA8B1002EA39D /* RxSwift */; };
		F48E4AD1282AF13B006E7A4B /* String+Ext.swift in Sources */ = {isa = PBXBuildFile; fileRef = F48E4AD0282AF13B006E7A4B /* String+Ext.swift */; };
		F4979ACE28187EE7001470E8 /* LocationService.swift in Sources */ = {isa = PBXBuildFile; fileRef = F4979ACD28187EE7001470E8 /* LocationService.swift */; };
		F4979AD0281883D7001470E8 /* UIViewController+Ext.swift in Sources */ = {isa = PBXBuildFile; fileRef = F4979ACF281883D7001470E8 /* UIViewController+Ext.swift */; };
		F49B39292822F1A7007FEB72 /* RealmUser.swift in Sources */ = {isa = PBXBuildFile; fileRef = F49B39282822F1A7007FEB72 /* RealmUser.swift */; };
		F49B392C2822F8F7007FEB72 /* AuthViewController.swift in Sources */ = {isa = PBXBuildFile; fileRef = F49B392B2822F8F7007FEB72 /* AuthViewController.swift */; };
/* End PBXBuildFile section */

/* Begin PBXFileReference section */
		F40CED4B2823000700B93879 /* AuthViewModel.swift */ = {isa = PBXFileReference; lastKnownFileType = sourcecode.swift; path = AuthViewModel.swift; sourceTree = "<group>"; };
		F40CED4D282300C600B93879 /* Result.swift */ = {isa = PBXFileReference; fileEncoding = 4; lastKnownFileType = sourcecode.swift; path = Result.swift; sourceTree = "<group>"; };
		F4159166281886E8000AFFBA /* MyObservable.swift */ = {isa = PBXFileReference; fileEncoding = 4; lastKnownFileType = sourcecode.swift; path = MyObservable.swift; sourceTree = "<group>"; };
		F430EB93282A9F9A00EAD332 /* Coordinator.swift */ = {isa = PBXFileReference; lastKnownFileType = sourcecode.swift; path = Coordinator.swift; sourceTree = "<group>"; };
		F430EB95282AA07D00EAD332 /* AppCoordinator.swift */ = {isa = PBXFileReference; lastKnownFileType = sourcecode.swift; path = AppCoordinator.swift; sourceTree = "<group>"; };
		F430EB97282AA87F00EAD332 /* AppService.swift */ = {isa = PBXFileReference; fileEncoding = 4; lastKnownFileType = sourcecode.swift; path = AppService.swift; sourceTree = "<group>"; };
		F44121B62815A1720017E1F5 /* trackerVS.app */ = {isa = PBXFileReference; explicitFileType = wrapper.application; includeInIndex = 0; path = trackerVS.app; sourceTree = BUILT_PRODUCTS_DIR; };
		F44121B92815A1720017E1F5 /* AppDelegate.swift */ = {isa = PBXFileReference; lastKnownFileType = sourcecode.swift; path = AppDelegate.swift; sourceTree = "<group>"; };
		F44121BB2815A1720017E1F5 /* SceneDelegate.swift */ = {isa = PBXFileReference; lastKnownFileType = sourcecode.swift; path = SceneDelegate.swift; sourceTree = "<group>"; };
		F44121BD2815A1720017E1F5 /* MapViewController.swift */ = {isa = PBXFileReference; lastKnownFileType = sourcecode.swift; path = MapViewController.swift; sourceTree = "<group>"; };
		F44121C02815A1730017E1F5 /* Base */ = {isa = PBXFileReference; lastKnownFileType = file.storyboard; name = Base; path = Base.lproj/Main.storyboard; sourceTree = "<group>"; };
		F44121C22815A1750017E1F5 /* Assets.xcassets */ = {isa = PBXFileReference; lastKnownFileType = folder.assetcatalog; path = Assets.xcassets; sourceTree = "<group>"; };
		F44121C52815A1750017E1F5 /* Base */ = {isa = PBXFileReference; lastKnownFileType = file.storyboard; name = Base; path = Base.lproj/LaunchScreen.storyboard; sourceTree = "<group>"; };
		F44121C72815A1750017E1F5 /* Info.plist */ = {isa = PBXFileReference; lastKnownFileType = text.plist.xml; path = Info.plist; sourceTree = "<group>"; };
		F44121E42815B9700017E1F5 /* Reusable.swift */ = {isa = PBXFileReference; fileEncoding = 4; lastKnownFileType = sourcecode.swift; path = Reusable.swift; sourceTree = "<group>"; };
		F465FC1928213522000EEFD3 /* CLLocationCoordinate2D+Ext.swift */ = {isa = PBXFileReference; lastKnownFileType = sourcecode.swift; path = "CLLocationCoordinate2D+Ext.swift"; sourceTree = "<group>"; };
		F465FC2028213976000EEFD3 /* RealmService.swift */ = {isa = PBXFileReference; fileEncoding = 4; lastKnownFileType = sourcecode.swift; path = RealmService.swift; sourceTree = "<group>"; };
		F465FC2428213D7A000EEFD3 /* RealmPath.swift */ = {isa = PBXFileReference; lastKnownFileType = sourcecode.swift; path = RealmPath.swift; sourceTree = "<group>"; };
		F465FC2628215F62000EEFD3 /* Date+Ext.swift */ = {isa = PBXFileReference; lastKnownFileType = sourcecode.swift; path = "Date+Ext.swift"; sourceTree = "<group>"; };
		F465FC2828216B13000EEFD3 /* DetachableObject.swift */ = {isa = PBXFileReference; lastKnownFileType = sourcecode.swift; path = DetachableObject.swift; sourceTree = "<group>"; };
		F465FC2C2821BB3B000EEFD3 /* GoogleService-Info.plist */ = {isa = PBXFileReference; lastKnownFileType = text.plist.xml; path = "GoogleService-Info.plist"; sourceTree = "<group>"; };
		F48E4AD0282AF13B006E7A4B /* String+Ext.swift */ = {isa = PBXFileReference; lastKnownFileType = sourcecode.swift; path = "String+Ext.swift"; sourceTree = "<group>"; };
		F4979ACD28187EE7001470E8 /* LocationService.swift */ = {isa = PBXFileReference; lastKnownFileType = sourcecode.swift; path = LocationService.swift; sourceTree = "<group>"; };
		F4979ACF281883D7001470E8 /* UIViewController+Ext.swift */ = {isa = PBXFileReference; fileEncoding = 4; lastKnownFileType = sourcecode.swift; path = "UIViewController+Ext.swift"; sourceTree = "<group>"; };
		F49B39282822F1A7007FEB72 /* RealmUser.swift */ = {isa = PBXFileReference; lastKnownFileType = sourcecode.swift; path = RealmUser.swift; sourceTree = "<group>"; };
		F49B392B2822F8F7007FEB72 /* AuthViewController.swift */ = {isa = PBXFileReference; lastKnownFileType = sourcecode.swift; path = AuthViewController.swift; sourceTree = "<group>"; };
/* End PBXFileReference section */

/* Begin PBXFrameworksBuildPhase section */
		F44121B32815A1720017E1F5 /* Frameworks */ = {
			isa = PBXFrameworksBuildPhase;
			buildActionMask = 2147483647;
			files = (
				F474D0BD283EA8B1002EA39D /* RxCocoa in Frameworks */,
				F465FC1F282138EE000EEFD3 /* RealmSwift in Frameworks */,
				F474D0BF283EA8B1002EA39D /* RxSwift in Frameworks */,
				F465FC1D282138EE000EEFD3 /* Realm in Frameworks */,
				F44121DA2815B6120017E1F5 /* PinLayout in Frameworks */,
				F44121CF2815B4D60017E1F5 /* GoogleMaps in Frameworks */,
				F44121D32815B4D60017E1F5 /* GoogleMapsCore in Frameworks */,
				F44121D52815B4D60017E1F5 /* GoogleMapsM4B in Frameworks */,
				F44121D72815B4D60017E1F5 /* GooglePlaces in Frameworks */,
				F44121D12815B4D60017E1F5 /* GoogleMapsBase in Frameworks */,
			);
			runOnlyForDeploymentPostprocessing = 0;
		};
/* End PBXFrameworksBuildPhase section */

/* Begin PBXGroup section */
		F430EB92282A9F7900EAD332 /* Coordinator */ = {
			isa = PBXGroup;
			children = (
				F430EB93282A9F9A00EAD332 /* Coordinator.swift */,
				F430EB95282AA07D00EAD332 /* AppCoordinator.swift */,
			);
			path = Coordinator;
			sourceTree = "<group>";
		};
		F44121AD2815A1720017E1F5 = {
			isa = PBXGroup;
			children = (
				F44121B82815A1720017E1F5 /* trackerVS */,
				F44121B72815A1720017E1F5 /* Products */,
			);
			sourceTree = "<group>";
		};
		F44121B72815A1720017E1F5 /* Products */ = {
			isa = PBXGroup;
			children = (
				F44121B62815A1720017E1F5 /* trackerVS.app */,
			);
			name = Products;
			sourceTree = "<group>";
		};
		F44121B82815A1720017E1F5 /* trackerVS */ = {
			isa = PBXGroup;
			children = (
				F44121DB2815B6FF0017E1F5 /* App */,
				F44121DC2815B70A0017E1F5 /* Core */,
				F44121DF2815B7820017E1F5 /* Utils&Helpers */,
				F44121DE2815B75D0017E1F5 /* Resources */,
				F44121DD2815B7150017E1F5 /* Environments */,
			);
			path = trackerVS;
			sourceTree = "<group>";
		};
		F44121DB2815B6FF0017E1F5 /* App */ = {
			isa = PBXGroup;
			children = (
				F44121B92815A1720017E1F5 /* AppDelegate.swift */,
				F44121BB2815A1720017E1F5 /* SceneDelegate.swift */,
				F44121E12815B8560017E1F5 /* BusinessLogic */,
				F44121E22815B8650017E1F5 /* Entity */,
				F44121E02815B8030017E1F5 /* Flows */,
			);
			path = App;
			sourceTree = "<group>";
		};
		F44121DC2815B70A0017E1F5 /* Core */ = {
			isa = PBXGroup;
			children = (
				F430EB92282A9F7900EAD332 /* Coordinator */,
				F465FC2328213D59000EEFD3 /* Services */,
			);
			path = Core;
			sourceTree = "<group>";
		};
		F44121DD2815B7150017E1F5 /* Environments */ = {
			isa = PBXGroup;
			children = (
				F44121C72815A1750017E1F5 /* Info.plist */,
				F465FC2C2821BB3B000EEFD3 /* GoogleService-Info.plist */,
			);
			path = Environments;
			sourceTree = "<group>";
		};
		F44121DE2815B75D0017E1F5 /* Resources */ = {
			isa = PBXGroup;
			children = (
				F44121C22815A1750017E1F5 /* Assets.xcassets */,
				F44121C42815A1750017E1F5 /* LaunchScreen.storyboard */,
			);
			path = Resources;
			sourceTree = "<group>";
		};
		F44121DF2815B7820017E1F5 /* Utils&Helpers */ = {
			isa = PBXGroup;
			children = (
				F40CED4D282300C600B93879 /* Result.swift */,
				F4979ACF281883D7001470E8 /* UIViewController+Ext.swift */,
				F4159166281886E8000AFFBA /* MyObservable.swift */,
				F44121E42815B9700017E1F5 /* Reusable.swift */,
				F465FC1928213522000EEFD3 /* CLLocationCoordinate2D+Ext.swift */,
				F465FC2628215F62000EEFD3 /* Date+Ext.swift */,
				F465FC2828216B13000EEFD3 /* DetachableObject.swift */,
				F48E4AD0282AF13B006E7A4B /* String+Ext.swift */,
			);
			path = "Utils&Helpers";
			sourceTree = "<group>";
		};
		F44121E02815B8030017E1F5 /* Flows */ = {
			isa = PBXGroup;
			children = (
				F49B392A2822F885007FEB72 /* Auth */,
				F44121E32815B9110017E1F5 /* Map */,
				F44121BF2815A1730017E1F5 /* Main.storyboard */,
			);
			path = Flows;
			sourceTree = "<group>";
		};
		F44121E12815B8560017E1F5 /* BusinessLogic */ = {
			isa = PBXGroup;
			children = (
				F4979ACD28187EE7001470E8 /* LocationService.swift */,
			);
			path = BusinessLogic;
			sourceTree = "<group>";
		};
		F44121E22815B8650017E1F5 /* Entity */ = {
			isa = PBXGroup;
			children = (
				F465FC22282139B9000EEFD3 /* Realm */,
			);
			path = Entity;
			sourceTree = "<group>";
		};
		F44121E32815B9110017E1F5 /* Map */ = {
			isa = PBXGroup;
			children = (
				F44121BD2815A1720017E1F5 /* MapViewController.swift */,
			);
			path = Map;
			sourceTree = "<group>";
		};
		F465FC22282139B9000EEFD3 /* Realm */ = {
			isa = PBXGroup;
			children = (
				F465FC2428213D7A000EEFD3 /* RealmPath.swift */,
				F49B39282822F1A7007FEB72 /* RealmUser.swift */,
			);
			path = Realm;
			sourceTree = "<group>";
		};
		F465FC2328213D59000EEFD3 /* Services */ = {
			isa = PBXGroup;
			children = (
				F430EB97282AA87F00EAD332 /* AppService.swift */,
				F465FC2028213976000EEFD3 /* RealmService.swift */,
			);
			path = Services;
			sourceTree = "<group>";
		};
		F49B392A2822F885007FEB72 /* Auth */ = {
			isa = PBXGroup;
			children = (
				F49B392B2822F8F7007FEB72 /* AuthViewController.swift */,
				F40CED4B2823000700B93879 /* AuthViewModel.swift */,
			);
			path = Auth;
			sourceTree = "<group>";
		};
/* End PBXGroup section */

/* Begin PBXNativeTarget section */
		F44121B52815A1720017E1F5 /* trackerVS */ = {
			isa = PBXNativeTarget;
			buildConfigurationList = F44121CA2815A1750017E1F5 /* Build configuration list for PBXNativeTarget "trackerVS" */;
			buildPhases = (
				F44121B22815A1720017E1F5 /* Sources */,
				F44121B32815A1720017E1F5 /* Frameworks */,
				F44121B42815A1720017E1F5 /* Resources */,
			);
			buildRules = (
			);
			dependencies = (
			);
			name = trackerVS;
			packageProductDependencies = (
				F44121CE2815B4D60017E1F5 /* GoogleMaps */,
				F44121D02815B4D60017E1F5 /* GoogleMapsBase */,
				F44121D22815B4D60017E1F5 /* GoogleMapsCore */,
				F44121D42815B4D60017E1F5 /* GoogleMapsM4B */,
				F44121D62815B4D60017E1F5 /* GooglePlaces */,
				F44121D92815B6120017E1F5 /* PinLayout */,
				F465FC1C282138EE000EEFD3 /* Realm */,
				F465FC1E282138EE000EEFD3 /* RealmSwift */,
				F474D0BC283EA8B1002EA39D /* RxCocoa */,
				F474D0BE283EA8B1002EA39D /* RxSwift */,
			);
			productName = trackerVS;
			productReference = F44121B62815A1720017E1F5 /* trackerVS.app */;
			productType = "com.apple.product-type.application";
		};
/* End PBXNativeTarget section */

/* Begin PBXProject section */
		F44121AE2815A1720017E1F5 /* Project object */ = {
			isa = PBXProject;
			attributes = {
				BuildIndependentTargetsInParallel = 1;
				LastSwiftUpdateCheck = 1310;
				LastUpgradeCheck = 1310;
				TargetAttributes = {
					F44121B52815A1720017E1F5 = {
						CreatedOnToolsVersion = 13.1;
					};
				};
			};
			buildConfigurationList = F44121B12815A1720017E1F5 /* Build configuration list for PBXProject "trackerVS" */;
			compatibilityVersion = "Xcode 13.0";
			developmentRegion = en;
			hasScannedForEncodings = 0;
			knownRegions = (
				en,
				Base,
			);
			mainGroup = F44121AD2815A1720017E1F5;
			packageReferences = (
				F44121CD2815B4D60017E1F5 /* XCRemoteSwiftPackageReference "GoogleMaps-SP" */,
				F44121D82815B6120017E1F5 /* XCRemoteSwiftPackageReference "PinLayout" */,
				F465FC1B282138EE000EEFD3 /* XCRemoteSwiftPackageReference "realm-swift" */,
				F474D0BB283EA8B1002EA39D /* XCRemoteSwiftPackageReference "RxSwift" */,
			);
			productRefGroup = F44121B72815A1720017E1F5 /* Products */;
			projectDirPath = "";
			projectRoot = "";
			targets = (
				F44121B52815A1720017E1F5 /* trackerVS */,
			);
		};
/* End PBXProject section */

/* Begin PBXResourcesBuildPhase section */
		F44121B42815A1720017E1F5 /* Resources */ = {
			isa = PBXResourcesBuildPhase;
			buildActionMask = 2147483647;
			files = (
				F44121C62815A1750017E1F5 /* LaunchScreen.storyboard in Resources */,
				F465FC2D2821BB3B000EEFD3 /* GoogleService-Info.plist in Resources */,
				F44121C32815A1750017E1F5 /* Assets.xcassets in Resources */,
				F44121C12815A1730017E1F5 /* Main.storyboard in Resources */,
			);
			runOnlyForDeploymentPostprocessing = 0;
		};
/* End PBXResourcesBuildPhase section */

/* Begin PBXSourcesBuildPhase section */
		F44121B22815A1720017E1F5 /* Sources */ = {
			isa = PBXSourcesBuildPhase;
			buildActionMask = 2147483647;
			files = (
				F44121E52815B9700017E1F5 /* Reusable.swift in Sources */,
				F44121BE2815A1730017E1F5 /* MapViewController.swift in Sources */,
				F465FC1A28213522000EEFD3 /* CLLocationCoordinate2D+Ext.swift in Sources */,
				F4979AD0281883D7001470E8 /* UIViewController+Ext.swift in Sources */,
				F465FC2528213D7A000EEFD3 /* RealmPath.swift in Sources */,
				F40CED4C2823000700B93879 /* AuthViewModel.swift in Sources */,
				F430EB96282AA07D00EAD332 /* AppCoordinator.swift in Sources */,
				F40CED4E282300C600B93879 /* Result.swift in Sources */,
				F465FC2928216B13000EEFD3 /* DetachableObject.swift in Sources */,
				F49B39292822F1A7007FEB72 /* RealmUser.swift in Sources */,
				F465FC2128213976000EEFD3 /* RealmService.swift in Sources */,
				F430EB94282A9F9A00EAD332 /* Coordinator.swift in Sources */,
				F465FC2728215F62000EEFD3 /* Date+Ext.swift in Sources */,
				F4159167281886E8000AFFBA /* MyObservable.swift in Sources */,
				F430EB98282AA87F00EAD332 /* AppService.swift in Sources */,
				F49B392C2822F8F7007FEB72 /* AuthViewController.swift in Sources */,
				F4979ACE28187EE7001470E8 /* LocationService.swift in Sources */,
				F44121BA2815A1720017E1F5 /* AppDelegate.swift in Sources */,
				F48E4AD1282AF13B006E7A4B /* String+Ext.swift in Sources */,
				F44121BC2815A1720017E1F5 /* SceneDelegate.swift in Sources */,
			);
			runOnlyForDeploymentPostprocessing = 0;
		};
/* End PBXSourcesBuildPhase section */

/* Begin PBXVariantGroup section */
		F44121BF2815A1730017E1F5 /* Main.storyboard */ = {
			isa = PBXVariantGroup;
			children = (
				F44121C02815A1730017E1F5 /* Base */,
			);
			name = Main.storyboard;
			sourceTree = "<group>";
		};
		F44121C42815A1750017E1F5 /* LaunchScreen.storyboard */ = {
			isa = PBXVariantGroup;
			children = (
				F44121C52815A1750017E1F5 /* Base */,
			);
			name = LaunchScreen.storyboard;
			sourceTree = "<group>";
		};
/* End PBXVariantGroup section */

/* Begin XCBuildConfiguration section */
		F44121C82815A1750017E1F5 /* Debug */ = {
			isa = XCBuildConfiguration;
			buildSettings = {
				ALWAYS_SEARCH_USER_PATHS = NO;
				CLANG_ANALYZER_NONNULL = YES;
				CLANG_ANALYZER_NUMBER_OBJECT_CONVERSION = YES_AGGRESSIVE;
				CLANG_CXX_LANGUAGE_STANDARD = "gnu++17";
				CLANG_CXX_LIBRARY = "libc++";
				CLANG_ENABLE_MODULES = YES;
				CLANG_ENABLE_OBJC_ARC = YES;
				CLANG_ENABLE_OBJC_WEAK = YES;
				CLANG_WARN_BLOCK_CAPTURE_AUTORELEASING = YES;
				CLANG_WARN_BOOL_CONVERSION = YES;
				CLANG_WARN_COMMA = YES;
				CLANG_WARN_CONSTANT_CONVERSION = YES;
				CLANG_WARN_DEPRECATED_OBJC_IMPLEMENTATIONS = YES;
				CLANG_WARN_DIRECT_OBJC_ISA_USAGE = YES_ERROR;
				CLANG_WARN_DOCUMENTATION_COMMENTS = YES;
				CLANG_WARN_EMPTY_BODY = YES;
				CLANG_WARN_ENUM_CONVERSION = YES;
				CLANG_WARN_INFINITE_RECURSION = YES;
				CLANG_WARN_INT_CONVERSION = YES;
				CLANG_WARN_NON_LITERAL_NULL_CONVERSION = YES;
				CLANG_WARN_OBJC_IMPLICIT_RETAIN_SELF = YES;
				CLANG_WARN_OBJC_LITERAL_CONVERSION = YES;
				CLANG_WARN_OBJC_ROOT_CLASS = YES_ERROR;
				CLANG_WARN_QUOTED_INCLUDE_IN_FRAMEWORK_HEADER = YES;
				CLANG_WARN_RANGE_LOOP_ANALYSIS = YES;
				CLANG_WARN_STRICT_PROTOTYPES = YES;
				CLANG_WARN_SUSPICIOUS_MOVE = YES;
				CLANG_WARN_UNGUARDED_AVAILABILITY = YES_AGGRESSIVE;
				CLANG_WARN_UNREACHABLE_CODE = YES;
				CLANG_WARN__DUPLICATE_METHOD_MATCH = YES;
				COPY_PHASE_STRIP = NO;
				DEBUG_INFORMATION_FORMAT = dwarf;
				ENABLE_STRICT_OBJC_MSGSEND = YES;
				ENABLE_TESTABILITY = YES;
				GCC_C_LANGUAGE_STANDARD = gnu11;
				GCC_DYNAMIC_NO_PIC = NO;
				GCC_NO_COMMON_BLOCKS = YES;
				GCC_OPTIMIZATION_LEVEL = 0;
				GCC_PREPROCESSOR_DEFINITIONS = (
					"DEBUG=1",
					"$(inherited)",
				);
				GCC_WARN_64_TO_32_BIT_CONVERSION = YES;
				GCC_WARN_ABOUT_RETURN_TYPE = YES_ERROR;
				GCC_WARN_UNDECLARED_SELECTOR = YES;
				GCC_WARN_UNINITIALIZED_AUTOS = YES_AGGRESSIVE;
				GCC_WARN_UNUSED_FUNCTION = YES;
				GCC_WARN_UNUSED_VARIABLE = YES;
				IPHONEOS_DEPLOYMENT_TARGET = 15.0;
				MTL_ENABLE_DEBUG_INFO = INCLUDE_SOURCE;
				MTL_FAST_MATH = YES;
				ONLY_ACTIVE_ARCH = YES;
				SDKROOT = iphoneos;
				SWIFT_ACTIVE_COMPILATION_CONDITIONS = DEBUG;
				SWIFT_OPTIMIZATION_LEVEL = "-Onone";
			};
			name = Debug;
		};
		F44121C92815A1750017E1F5 /* Release */ = {
			isa = XCBuildConfiguration;
			buildSettings = {
				ALWAYS_SEARCH_USER_PATHS = NO;
				CLANG_ANALYZER_NONNULL = YES;
				CLANG_ANALYZER_NUMBER_OBJECT_CONVERSION = YES_AGGRESSIVE;
				CLANG_CXX_LANGUAGE_STANDARD = "gnu++17";
				CLANG_CXX_LIBRARY = "libc++";
				CLANG_ENABLE_MODULES = YES;
				CLANG_ENABLE_OBJC_ARC = YES;
				CLANG_ENABLE_OBJC_WEAK = YES;
				CLANG_WARN_BLOCK_CAPTURE_AUTORELEASING = YES;
				CLANG_WARN_BOOL_CONVERSION = YES;
				CLANG_WARN_COMMA = YES;
				CLANG_WARN_CONSTANT_CONVERSION = YES;
				CLANG_WARN_DEPRECATED_OBJC_IMPLEMENTATIONS = YES;
				CLANG_WARN_DIRECT_OBJC_ISA_USAGE = YES_ERROR;
				CLANG_WARN_DOCUMENTATION_COMMENTS = YES;
				CLANG_WARN_EMPTY_BODY = YES;
				CLANG_WARN_ENUM_CONVERSION = YES;
				CLANG_WARN_INFINITE_RECURSION = YES;
				CLANG_WARN_INT_CONVERSION = YES;
				CLANG_WARN_NON_LITERAL_NULL_CONVERSION = YES;
				CLANG_WARN_OBJC_IMPLICIT_RETAIN_SELF = YES;
				CLANG_WARN_OBJC_LITERAL_CONVERSION = YES;
				CLANG_WARN_OBJC_ROOT_CLASS = YES_ERROR;
				CLANG_WARN_QUOTED_INCLUDE_IN_FRAMEWORK_HEADER = YES;
				CLANG_WARN_RANGE_LOOP_ANALYSIS = YES;
				CLANG_WARN_STRICT_PROTOTYPES = YES;
				CLANG_WARN_SUSPICIOUS_MOVE = YES;
				CLANG_WARN_UNGUARDED_AVAILABILITY = YES_AGGRESSIVE;
				CLANG_WARN_UNREACHABLE_CODE = YES;
				CLANG_WARN__DUPLICATE_METHOD_MATCH = YES;
				COPY_PHASE_STRIP = NO;
				DEBUG_INFORMATION_FORMAT = "dwarf-with-dsym";
				ENABLE_NS_ASSERTIONS = NO;
				ENABLE_STRICT_OBJC_MSGSEND = YES;
				GCC_C_LANGUAGE_STANDARD = gnu11;
				GCC_NO_COMMON_BLOCKS = YES;
				GCC_WARN_64_TO_32_BIT_CONVERSION = YES;
				GCC_WARN_ABOUT_RETURN_TYPE = YES_ERROR;
				GCC_WARN_UNDECLARED_SELECTOR = YES;
				GCC_WARN_UNINITIALIZED_AUTOS = YES_AGGRESSIVE;
				GCC_WARN_UNUSED_FUNCTION = YES;
				GCC_WARN_UNUSED_VARIABLE = YES;
				IPHONEOS_DEPLOYMENT_TARGET = 15.0;
				MTL_ENABLE_DEBUG_INFO = NO;
				MTL_FAST_MATH = YES;
				SDKROOT = iphoneos;
				SWIFT_COMPILATION_MODE = wholemodule;
				SWIFT_OPTIMIZATION_LEVEL = "-O";
				VALIDATE_PRODUCT = YES;
			};
			name = Release;
		};
		F44121CB2815A1750017E1F5 /* Debug */ = {
			isa = XCBuildConfiguration;
			buildSettings = {
				ASSETCATALOG_COMPILER_APPICON_NAME = AppIcon;
				ASSETCATALOG_COMPILER_GLOBAL_ACCENT_COLOR_NAME = AccentColor;
				CODE_SIGN_STYLE = Automatic;
				CURRENT_PROJECT_VERSION = 1;
				"EXCLUDED_ARCHS[sdk=*]" = arm64;
				GENERATE_INFOPLIST_FILE = YES;
				INFOPLIST_FILE = trackerVS/Environments/Info.plist;
				INFOPLIST_KEY_LSApplicationCategoryType = "";
				INFOPLIST_KEY_NSLocationAlwaysAndWhenInUseUsageDescription = "Приложению необходимо разрешение отслеживать ваше местоположение";
				INFOPLIST_KEY_NSLocationWhenInUseUsageDescription = "Приложению необходимо разрешение отслеживать ваше местоположение";
				INFOPLIST_KEY_UIApplicationSupportsIndirectInputEvents = YES;
				INFOPLIST_KEY_UILaunchStoryboardName = LaunchScreen;
				INFOPLIST_KEY_UIMainStoryboardFile = Main;
				INFOPLIST_KEY_UISupportedInterfaceOrientations_iPad = "UIInterfaceOrientationPortrait UIInterfaceOrientationPortraitUpsideDown UIInterfaceOrientationLandscapeLeft UIInterfaceOrientationLandscapeRight";
				INFOPLIST_KEY_UISupportedInterfaceOrientations_iPhone = "UIInterfaceOrientationPortrait UIInterfaceOrientationLandscapeLeft UIInterfaceOrientationLandscapeRight";
				LD_RUNPATH_SEARCH_PATHS = (
					"$(inherited)",
					"@executable_path/Frameworks",
				);
				MARKETING_VERSION = 1.0;
				PRODUCT_BUNDLE_IDENTIFIER = exit551.trackerVS;
				PRODUCT_NAME = "$(TARGET_NAME)";
				SWIFT_EMIT_LOC_STRINGS = YES;
				SWIFT_VERSION = 5.0;
				TARGETED_DEVICE_FAMILY = "1,2";
			};
			name = Debug;
		};
		F44121CC2815A1750017E1F5 /* Release */ = {
			isa = XCBuildConfiguration;
			buildSettings = {
				ASSETCATALOG_COMPILER_APPICON_NAME = AppIcon;
				ASSETCATALOG_COMPILER_GLOBAL_ACCENT_COLOR_NAME = AccentColor;
				CODE_SIGN_STYLE = Automatic;
				CURRENT_PROJECT_VERSION = 1;
				"EXCLUDED_ARCHS[sdk=*]" = arm64;
				GENERATE_INFOPLIST_FILE = YES;
				INFOPLIST_FILE = trackerVS/Environments/Info.plist;
				INFOPLIST_KEY_LSApplicationCategoryType = "";
				INFOPLIST_KEY_NSLocationAlwaysAndWhenInUseUsageDescription = "Приложению необходимо разрешение отслеживать ваше местоположение";
				INFOPLIST_KEY_NSLocationWhenInUseUsageDescription = "Приложению необходимо разрешение отслеживать ваше местоположение";
				INFOPLIST_KEY_UIApplicationSupportsIndirectInputEvents = YES;
				INFOPLIST_KEY_UILaunchStoryboardName = LaunchScreen;
				INFOPLIST_KEY_UIMainStoryboardFile = Main;
				INFOPLIST_KEY_UISupportedInterfaceOrientations_iPad = "UIInterfaceOrientationPortrait UIInterfaceOrientationPortraitUpsideDown UIInterfaceOrientationLandscapeLeft UIInterfaceOrientationLandscapeRight";
				INFOPLIST_KEY_UISupportedInterfaceOrientations_iPhone = "UIInterfaceOrientationPortrait UIInterfaceOrientationLandscapeLeft UIInterfaceOrientationLandscapeRight";
				LD_RUNPATH_SEARCH_PATHS = (
					"$(inherited)",
					"@executable_path/Frameworks",
				);
				MARKETING_VERSION = 1.0;
				PRODUCT_BUNDLE_IDENTIFIER = exit551.trackerVS;
				PRODUCT_NAME = "$(TARGET_NAME)";
				SWIFT_EMIT_LOC_STRINGS = YES;
				SWIFT_VERSION = 5.0;
				TARGETED_DEVICE_FAMILY = "1,2";
			};
			name = Release;
		};
/* End XCBuildConfiguration section */

/* Begin XCConfigurationList section */
		F44121B12815A1720017E1F5 /* Build configuration list for PBXProject "trackerVS" */ = {
			isa = XCConfigurationList;
			buildConfigurations = (
				F44121C82815A1750017E1F5 /* Debug */,
				F44121C92815A1750017E1F5 /* Release */,
			);
			defaultConfigurationIsVisible = 0;
			defaultConfigurationName = Release;
		};
		F44121CA2815A1750017E1F5 /* Build configuration list for PBXNativeTarget "trackerVS" */ = {
			isa = XCConfigurationList;
			buildConfigurations = (
				F44121CB2815A1750017E1F5 /* Debug */,
				F44121CC2815A1750017E1F5 /* Release */,
			);
			defaultConfigurationIsVisible = 0;
			defaultConfigurationName = Release;
		};
/* End XCConfigurationList section */

/* Begin XCRemoteSwiftPackageReference section */
		F44121CD2815B4D60017E1F5 /* XCRemoteSwiftPackageReference "GoogleMaps-SP" */ = {
			isa = XCRemoteSwiftPackageReference;
			repositoryURL = "https://github.com/YAtechnologies/GoogleMaps-SP.git";
			requirement = {
				kind = upToNextMajorVersion;
				minimumVersion = 6.0.0;
			};
		};
		F44121D82815B6120017E1F5 /* XCRemoteSwiftPackageReference "PinLayout" */ = {
			isa = XCRemoteSwiftPackageReference;
			repositoryURL = "https://github.com/layoutBox/PinLayout.git";
			requirement = {
				branch = master;
				kind = branch;
			};
		};
		F465FC1B282138EE000EEFD3 /* XCRemoteSwiftPackageReference "realm-swift" */ = {
			isa = XCRemoteSwiftPackageReference;
			repositoryURL = "https://github.com/realm/realm-swift.git";
			requirement = {
				branch = master;
				kind = branch;
			};
		};
		F474D0BB283EA8B1002EA39D /* XCRemoteSwiftPackageReference "RxSwift" */ = {
			isa = XCRemoteSwiftPackageReference;
			repositoryURL = "https://github.com/ReactiveX/RxSwift.git";
			requirement = {
				branch = main;
				kind = branch;
			};
		};
/* End XCRemoteSwiftPackageReference section */

/* Begin XCSwiftPackageProductDependency section */
		F44121CE2815B4D60017E1F5 /* GoogleMaps */ = {
			isa = XCSwiftPackageProductDependency;
			package = F44121CD2815B4D60017E1F5 /* XCRemoteSwiftPackageReference "GoogleMaps-SP" */;
			productName = GoogleMaps;
		};
		F44121D02815B4D60017E1F5 /* GoogleMapsBase */ = {
			isa = XCSwiftPackageProductDependency;
			package = F44121CD2815B4D60017E1F5 /* XCRemoteSwiftPackageReference "GoogleMaps-SP" */;
			productName = GoogleMapsBase;
		};
		F44121D22815B4D60017E1F5 /* GoogleMapsCore */ = {
			isa = XCSwiftPackageProductDependency;
			package = F44121CD2815B4D60017E1F5 /* XCRemoteSwiftPackageReference "GoogleMaps-SP" */;
			productName = GoogleMapsCore;
		};
		F44121D42815B4D60017E1F5 /* GoogleMapsM4B */ = {
			isa = XCSwiftPackageProductDependency;
			package = F44121CD2815B4D60017E1F5 /* XCRemoteSwiftPackageReference "GoogleMaps-SP" */;
			productName = GoogleMapsM4B;
		};
		F44121D62815B4D60017E1F5 /* GooglePlaces */ = {
			isa = XCSwiftPackageProductDependency;
			package = F44121CD2815B4D60017E1F5 /* XCRemoteSwiftPackageReference "GoogleMaps-SP" */;
			productName = GooglePlaces;
		};
		F44121D92815B6120017E1F5 /* PinLayout */ = {
			isa = XCSwiftPackageProductDependency;
			package = F44121D82815B6120017E1F5 /* XCRemoteSwiftPackageReference "PinLayout" */;
			productName = PinLayout;
		};
		F465FC1C282138EE000EEFD3 /* Realm */ = {
			isa = XCSwiftPackageProductDependency;
			package = F465FC1B282138EE000EEFD3 /* XCRemoteSwiftPackageReference "realm-swift" */;
			productName = Realm;
		};
		F465FC1E282138EE000EEFD3 /* RealmSwift */ = {
			isa = XCSwiftPackageProductDependency;
			package = F465FC1B282138EE000EEFD3 /* XCRemoteSwiftPackageReference "realm-swift" */;
			productName = RealmSwift;
		};
		F474D0BC283EA8B1002EA39D /* RxCocoa */ = {
			isa = XCSwiftPackageProductDependency;
			package = F474D0BB283EA8B1002EA39D /* XCRemoteSwiftPackageReference "RxSwift" */;
			productName = RxCocoa;
		};
		F474D0BE283EA8B1002EA39D /* RxSwift */ = {
			isa = XCSwiftPackageProductDependency;
			package = F474D0BB283EA8B1002EA39D /* XCRemoteSwiftPackageReference "RxSwift" */;
			productName = RxSwift;
		};
/* End XCSwiftPackageProductDependency section */
	};
	rootObject = F44121AE2815A1720017E1F5 /* Project object */;
}
